
Microsoft Visual Studio Solution File, Format Version 12.00
# Visual Studio Version 16
VisualStudioVersion = 16.0.30104.148
MinimumVisualStudioVersion = 10.0.40219.1
Project("{FAE04EC0-301F-11D3-BF4B-00C04F79EFBC}") = "MyLab.Redis", "MyLab.Redis\MyLab.Redis.csproj", "{A9E4F747-E91D-421D-9433-8BCCB72AEB7F}"
EndProject
Global
	GlobalSection(SolutionConfigurationPlatforms) = preSolution
		Debug|Any CPU = Debug|Any CPU
		Release|Any CPU = Release|Any CPU
	EndGlobalSection
	GlobalSection(ProjectConfigurationPlatforms) = postSolution
		{A9E4F747-E91D-421D-9433-8BCCB72AEB7F}.Debug|Any CPU.ActiveCfg = Debug|Any CPU
		{A9E4F747-E91D-421D-9433-8BCCB72AEB7F}.Debug|Any CPU.Build.0 = Debug|Any CPU
		{A9E4F747-E91D-421D-9433-8BCCB72AEB7F}.Release|Any CPU.ActiveCfg = Release|Any CPU
		{A9E4F747-E91D-421D-9433-8BCCB72AEB7F}.Release|Any CPU.Build.0 = Release|Any CPU
	EndGlobalSection
	GlobalSection(SolutionProperties) = preSolution
		HideSolutionNode = FALSE
	EndGlobalSection
	GlobalSection(ExtensibilityGlobals) = postSolution
		SolutionGuid = {3EFBE15D-010E-4B79-9988-413F53F3DAD0}
	EndGlobalSection
EndGlobal
